{
  "name": "BabylonTesting",
  "lockfileVersion": 3,
  "requires": true,
  "packages": {
    "": {
      "dependencies": {
        "babylonjs": "^7.28.0"
      }
    },
    "node_modules/babylonjs": {
      "version": "7.28.0",
      "resolved": "https://registry.npmjs.org/babylonjs/-/babylonjs-7.28.0.tgz",
      "integrity": "sha512-ZtkRP1vfspCnqhjbOxZE3ybjtHy5A8JU+QoNp7r6BKc7CpWy7td8oZ0yU3E43aSMgB2ij1vRsmDmOVGeeuPp6g==",
      "hasInstallScript": true,
      "license": "Apache-2.0"
    }
  }
}
